Microsoft Visual Studio Solution File, Format Version 12.00
# Visual Studio Version 17
VisualStudioVersion = 17.5.2.0
MinimumVisualStudioVersion = 10.0.40219.1
Project("{F184B08F-C81C-45F6-A57F-5ABD9991F28F}") = "Coin Collector VB", "Coin Collector VB.vbproj", "{395B0058-88F1-023A-346D-6684B9CF9A42}"
EndProject
Global
	GlobalSection(SolutionConfigurationPlatforms) = preSolution
		Debug|Any CPU = Debug|Any CPU
		Release|Any CPU = Release|Any CPU
	EndGlobalSection
	GlobalSection(ProjectConfigurationPlatforms) = postSolution
		{395B0058-88F1-023A-346D-6684B9CF9A42}.Debug|Any CPU.ActiveCfg = Debug|Any CPU
		{395B0058-88F1-023A-346D-6684B9CF9A42}.Debug|Any CPU.Build.0 = Debug|Any CPU
		{395B0058-88F1-023A-346D-6684B9CF9A42}.Release|Any CPU.ActiveCfg = Release|Any CPU
		{395B0058-88F1-023A-346D-6684B9CF9A42}.Release|Any CPU.Build.0 = Release|Any CPU
	EndGlobalSection
	GlobalSection(SolutionProperties) = preSolution
		HideSolutionNode = FALSE
	EndGlobalSection
	GlobalSection(ExtensibilityGlobals) = postSolution
		SolutionGuid = {95040079-E3C6-4FE4-8613-9A66F37C21CD}
	EndGlobalSection
EndGlobal
